// !$*UTF8*$!
{
	archiveVersion = 1;
	classes = {
	};
	objectVersion = 50;
	objects = {

/* Begin PBXBuildFile section */
		A0021CA826034DDC0053BED8 /* air-particle.scnp in Resources */ = {isa = PBXBuildFile; fileRef = A0021CA726034DDC0053BED8 /* air-particle.scnp */; };
		A0021CB1260350920053BED8 /* SCNResource.scnassets in Resources */ = {isa = PBXBuildFile; fileRef = A0021CB0260350920053BED8 /* SCNResource.scnassets */; };
		A0166FB026010A2200AFFEF4 /* HttpHandler.swift in Sources */ = {isa = PBXBuildFile; fileRef = A0166FAF26010A2200AFFEF4 /* HttpHandler.swift */; };
		A07BE56B260728C9009EAD6B /* ARBrowser.swift in Sources */ = {isa = PBXBuildFile; fileRef = A07BE56A260728C9009EAD6B /* ARBrowser.swift */; };
		A07BE56E26073496009EAD6B /* test.html in Resources */ = {isa = PBXBuildFile; fileRef = A07BE56D26073496009EAD6B /* test.html */; };
		A0C10BDA26032361007DFE4B /* BoundingBox.swift in Sources */ = {isa = PBXBuildFile; fileRef = A0C10BD926032361007DFE4B /* BoundingBox.swift */; };
		A0DACD6625FEFDCE00C7348C /* AppDelegate.swift in Sources */ = {isa = PBXBuildFile; fileRef = A0DACD6525FEFDCE00C7348C /* AppDelegate.swift */; };
		A0DACD6825FEFDCE00C7348C /* SceneDelegate.swift in Sources */ = {isa = PBXBuildFile; fileRef = A0DACD6725FEFDCE00C7348C /* SceneDelegate.swift */; };
		A0DACD6A25FEFDCE00C7348C /* ViewController.swift in Sources */ = {isa = PBXBuildFile; fileRef = A0DACD6925FEFDCE00C7348C /* ViewController.swift */; };
		A0DACD6D25FEFDCE00C7348C /* Main.storyboard in Resources */ = {isa = PBXBuildFile; fileRef = A0DACD6B25FEFDCE00C7348C /* Main.storyboard */; };
		A0DACD6F25FEFDCF00C7348C /* Assets.xcassets in Resources */ = {isa = PBXBuildFile; fileRef = A0DACD6E25FEFDCF00C7348C /* Assets.xcassets */; };
		A0DACD7225FEFDCF00C7348C /* LaunchScreen.storyboard in Resources */ = {isa = PBXBuildFile; fileRef = A0DACD7025FEFDCF00C7348C /* LaunchScreen.storyboard */; };
		A0E9C9E925FF523800B465A0 /* ARCameraTrackingState.swift in Sources */ = {isa = PBXBuildFile; fileRef = A0E9C9E825FF523800B465A0 /* ARCameraTrackingState.swift */; };
/* End PBXBuildFile section */

/* Begin PBXFileReference section */
		A0021CA726034DDC0053BED8 /* air-particle.scnp */ = {isa = PBXFileReference; lastKnownFileType = file.scp; path = "air-particle.scnp"; sourceTree = "<group>"; };
		A0021CB0260350920053BED8 /* SCNResource.scnassets */ = {isa = PBXFileReference; lastKnownFileType = wrapper.scnassets; path = SCNResource.scnassets; sourceTree = "<group>"; };
		A0166FAF26010A2200AFFEF4 /* HttpHandler.swift */ = {isa = PBXFileReference; lastKnownFileType = sourcecode.swift; path = HttpHandler.swift; sourceTree = "<group>"; };
		A07BE56A260728C9009EAD6B /* ARBrowser.swift */ = {isa = PBXFileReference; lastKnownFileType = sourcecode.swift; path = ARBrowser.swift; sourceTree = "<group>"; };
		A07BE56D26073496009EAD6B /* test.html */ = {isa = PBXFileReference; fileEncoding = 4; lastKnownFileType = text.html; path = test.html; sourceTree = "<group>"; };
		A0C10BD926032361007DFE4B /* BoundingBox.swift */ = {isa = PBXFileReference; lastKnownFileType = sourcecode.swift; path = BoundingBox.swift; sourceTree = "<group>"; };
		A0DACD6225FEFDCE00C7348C /* UDO-AR.app */ = {isa = PBXFileReference; explicitFileType = wrapper.application; includeInIndex = 0; path = "UDO-AR.app"; sourceTree = BUILT_PRODUCTS_DIR; };
		A0DACD6525FEFDCE00C7348C /* AppDelegate.swift */ = {isa = PBXFileReference; lastKnownFileType = sourcecode.swift; path = AppDelegate.swift; sourceTree = "<group>"; };
		A0DACD6725FEFDCE00C7348C /* SceneDelegate.swift */ = {isa = PBXFileReference; lastKnownFileType = sourcecode.swift; path = SceneDelegate.swift; sourceTree = "<group>"; };
		A0DACD6925FEFDCE00C7348C /* ViewController.swift */ = {isa = PBXFileReference; lastKnownFileType = sourcecode.swift; path = ViewController.swift; sourceTree = "<group>"; };
		A0DACD6C25FEFDCE00C7348C /* Base */ = {isa = PBXFileReference; lastKnownFileType = file.storyboard; name = Base; path = Base.lproj/Main.storyboard; sourceTree = "<group>"; };
		A0DACD6E25FEFDCF00C7348C /* Assets.xcassets */ = {isa = PBXFileReference; lastKnownFileType = folder.assetcatalog; path = Assets.xcassets; sourceTree = "<group>"; };
		A0DACD7125FEFDCF00C7348C /* Base */ = {isa = PBXFileReference; lastKnownFileType = file.storyboard; name = Base; path = Base.lproj/LaunchScreen.storyboard; sourceTree = "<group>"; };
		A0DACD7325FEFDCF00C7348C /* Info.plist */ = {isa = PBXFileReference; lastKnownFileType = text.plist.xml; path = Info.plist; sourceTree = "<group>"; };
		A0E9C9E825FF523800B465A0 /* ARCameraTrackingState.swift */ = {isa = PBXFileReference; lastKnownFileType = sourcecode.swift; path = ARCameraTrackingState.swift; sourceTree = "<group>"; };
/* End PBXFileReference section */

/* Begin PBXFrameworksBuildPhase section */
		A0DACD5F25FEFDCE00C7348C /* Frameworks */ = {
			isa = PBXFrameworksBuildPhase;
			buildActionMask = 2147483647;
			files = (
			);
			runOnlyForDeploymentPostprocessing = 0;
		};
/* End PBXFrameworksBuildPhase section */

/* Begin PBXGroup section */
		A0021CA626034DBB0053BED8 /* Resource */ = {
			isa = PBXGroup;
			children = (
				A07BE56D26073496009EAD6B /* test.html */,
				A0DACD6B25FEFDCE00C7348C /* Main.storyboard */,
				A0DACD7025FEFDCF00C7348C /* LaunchScreen.storyboard */,
				A0021CA726034DDC0053BED8 /* air-particle.scnp */,
			);
			path = Resource;
			sourceTree = "<group>";
		};
		A0C10BD726032321007DFE4B /* Http */ = {
			isa = PBXGroup;
			children = (
				A0166FAF26010A2200AFFEF4 /* HttpHandler.swift */,
			);
			path = Http;
			sourceTree = "<group>";
		};
		A0C10BD826032334007DFE4B /* Visualization */ = {
			isa = PBXGroup;
			children = (
				A0C10BD926032361007DFE4B /* BoundingBox.swift */,
				A07BE56A260728C9009EAD6B /* ARBrowser.swift */,
			);
			path = Visualization;
			sourceTree = "<group>";
		};
		A0DACD5925FEFDCE00C7348C = {
			isa = PBXGroup;
			children = (
				A0021CB0260350920053BED8 /* SCNResource.scnassets */,
				A0DACD6E25FEFDCF00C7348C /* Assets.xcassets */,
				A0021CA626034DBB0053BED8 /* Resource */,
				A0C10BD826032334007DFE4B /* Visualization */,
				A0C10BD726032321007DFE4B /* Http */,
				A0E9C9E725FF522600B465A0 /* Utils */,
				A0DACD6425FEFDCE00C7348C /* UDO-AR */,
				A0DACD6325FEFDCE00C7348C /* Products */,
			);
			sourceTree = "<group>";
		};
		A0DACD6325FEFDCE00C7348C /* Products */ = {
			isa = PBXGroup;
			children = (
				A0DACD6225FEFDCE00C7348C /* UDO-AR.app */,
			);
			name = Products;
			sourceTree = "<group>";
		};
		A0DACD6425FEFDCE00C7348C /* UDO-AR */ = {
			isa = PBXGroup;
			children = (
				A0DACD7325FEFDCF00C7348C /* Info.plist */,
				A0DACD6525FEFDCE00C7348C /* AppDelegate.swift */,
				A0DACD6725FEFDCE00C7348C /* SceneDelegate.swift */,
				A0DACD6925FEFDCE00C7348C /* ViewController.swift */,
			);
			path = "UDO-AR";
			sourceTree = "<group>";
		};
		A0E9C9E725FF522600B465A0 /* Utils */ = {
			isa = PBXGroup;
			children = (
				A0E9C9E825FF523800B465A0 /* ARCameraTrackingState.swift */,
			);
			path = Utils;
			sourceTree = "<group>";
		};
/* End PBXGroup section */

/* Begin PBXNativeTarget section */
		A0DACD6125FEFDCE00C7348C /* UDO-AR */ = {
			isa = PBXNativeTarget;
			buildConfigurationList = A0DACD7625FEFDCF00C7348C /* Build configuration list for PBXNativeTarget "UDO-AR" */;
			buildPhases = (
				A0DACD5E25FEFDCE00C7348C /* Sources */,
				A0DACD5F25FEFDCE00C7348C /* Frameworks */,
				A0DACD6025FEFDCE00C7348C /* Resources */,
			);
			buildRules = (
			);
			dependencies = (
			);
			name = "UDO-AR";
			productName = "UDO-AR";
			productReference = A0DACD6225FEFDCE00C7348C /* UDO-AR.app */;
			productType = "com.apple.product-type.application";
		};
/* End PBXNativeTarget section */

/* Begin PBXProject section */
		A0DACD5A25FEFDCE00C7348C /* Project object */ = {
			isa = PBXProject;
			attributes = {
				LastSwiftUpdateCheck = 1240;
				LastUpgradeCheck = 1240;
				TargetAttributes = {
					A0DACD6125FEFDCE00C7348C = {
						CreatedOnToolsVersion = 12.4;
					};
				};
			};
			buildConfigurationList = A0DACD5D25FEFDCE00C7348C /* Build configuration list for PBXProject "UDO-AR" */;
			compatibilityVersion = "Xcode 9.3";
			developmentRegion = en;
			hasScannedForEncodings = 0;
			knownRegions = (
				en,
				Base,
			);
			mainGroup = A0DACD5925FEFDCE00C7348C;
			productRefGroup = A0DACD6325FEFDCE00C7348C /* Products */;
			projectDirPath = "";
			projectRoot = "";
			targets = (
				A0DACD6125FEFDCE00C7348C /* UDO-AR */,
			);
		};
/* End PBXProject section */

/* Begin PBXResourcesBuildPhase section */
		A0DACD6025FEFDCE00C7348C /* Resources */ = {
			isa = PBXResourcesBuildPhase;
			buildActionMask = 2147483647;
			files = (
				A0021CA826034DDC0053BED8 /* air-particle.scnp in Resources */,
				A0DACD7225FEFDCF00C7348C /* LaunchScreen.storyboard in Resources */,
				A07BE56E26073496009EAD6B /* test.html in Resources */,
				A0DACD6F25FEFDCF00C7348C /* Assets.xcassets in Resources */,
				A0021CB1260350920053BED8 /* SCNResource.scnassets in Resources */,
				A0DACD6D25FEFDCE00C7348C /* Main.storyboard in Resources */,
			);
			runOnlyForDeploymentPostprocessing = 0;
		};
/* End PBXResourcesBuildPhase section */

/* Begin PBXSourcesBuildPhase section */
		A0DACD5E25FEFDCE00C7348C /* Sources */ = {
			isa = PBXSourcesBuildPhase;
			buildActionMask = 2147483647;
			files = (
				A0166FB026010A2200AFFEF4 /* HttpHandler.swift in Sources */,
				A0DACD6A25FEFDCE00C7348C /* ViewController.swift in Sources */,
				A0DACD6625FEFDCE00C7348C /* AppDelegate.swift in Sources */,
				A0C10BDA26032361007DFE4B /* BoundingBox.swift in Sources */,
				A0E9C9E925FF523800B465A0 /* ARCameraTrackingState.swift in Sources */,
				A0DACD6825FEFDCE00C7348C /* SceneDelegate.swift in Sources */,
				A07BE56B260728C9009EAD6B /* ARBrowser.swift in Sources */,
			);
			runOnlyForDeploymentPostprocessing = 0;
		};
/* End PBXSourcesBuildPhase section */

/* Begin PBXVariantGroup section */
		A0DACD6B25FEFDCE00C7348C /* Main.storyboard */ = {
			isa = PBXVariantGroup;
			children = (
				A0DACD6C25FEFDCE00C7348C /* Base */,
			);
			name = Main.storyboard;
			sourceTree = "<group>";
		};
		A0DACD7025FEFDCF00C7348C /* LaunchScreen.storyboard */ = {
			isa = PBXVariantGroup;
			children = (
				A0DACD7125FEFDCF00C7348C /* Base */,
			);
			name = LaunchScreen.storyboard;
			sourceTree = "<group>";
		};
/* End PBXVariantGroup section */

/* Begin XCBuildConfiguration section */
		A0DACD7425FEFDCF00C7348C /* Debug */ = {
			isa = XCBuildConfiguration;
			buildSettings = {
				ALWAYS_SEARCH_USER_PATHS = NO;
				CLANG_ANALYZER_NONNULL = YES;
				CLANG_ANALYZER_NUMBER_OBJECT_CONVERSION = YES_AGGRESSIVE;
				CLANG_CXX_LANGUAGE_STANDARD = "gnu++14";
				CLANG_CXX_LIBRARY = "libc++";
				CLANG_ENABLE_MODULES = YES;
				CLANG_ENABLE_OBJC_ARC = YES;
				CLANG_ENABLE_OBJC_WEAK = YES;
				CLANG_WARN_BLOCK_CAPTURE_AUTORELEASING = YES;
				CLANG_WARN_BOOL_CONVERSION = YES;
				CLANG_WARN_COMMA = YES;
				CLANG_WARN_CONSTANT_CONVERSION = YES;
				CLANG_WARN_DEPRECATED_OBJC_IMPLEMENTATIONS = YES;
				CLANG_WARN_DIRECT_OBJC_ISA_USAGE = YES_ERROR;
				CLANG_WARN_DOCUMENTATION_COMMENTS = YES;
				CLANG_WARN_EMPTY_BODY = YES;
				CLANG_WARN_ENUM_CONVERSION = YES;
				CLANG_WARN_INFINITE_RECURSION = YES;
				CLANG_WARN_INT_CONVERSION = YES;
				CLANG_WARN_NON_LITERAL_NULL_CONVERSION = YES;
				CLANG_WARN_OBJC_IMPLICIT_RETAIN_SELF = YES;
				CLANG_WARN_OBJC_LITERAL_CONVERSION = YES;
				CLANG_WARN_OBJC_ROOT_CLASS = YES_ERROR;
				CLANG_WARN_QUOTED_INCLUDE_IN_FRAMEWORK_HEADER = YES;
				CLANG_WARN_RANGE_LOOP_ANALYSIS = YES;
				CLANG_WARN_STRICT_PROTOTYPES = YES;
				CLANG_WARN_SUSPICIOUS_MOVE = YES;
				CLANG_WARN_UNGUARDED_AVAILABILITY = YES_AGGRESSIVE;
				CLANG_WARN_UNREACHABLE_CODE = YES;
				CLANG_WARN__DUPLICATE_METHOD_MATCH = YES;
				COPY_PHASE_STRIP = NO;
				DEBUG_INFORMATION_FORMAT = dwarf;
				ENABLE_STRICT_OBJC_MSGSEND = YES;
				ENABLE_TESTABILITY = YES;
				GCC_C_LANGUAGE_STANDARD = gnu11;
				GCC_DYNAMIC_NO_PIC = NO;
				GCC_NO_COMMON_BLOCKS = YES;
				GCC_OPTIMIZATION_LEVEL = 0;
				GCC_PREPROCESSOR_DEFINITIONS = (
					"DEBUG=1",
					"$(inherited)",
				);
				GCC_WARN_64_TO_32_BIT_CONVERSION = YES;
				GCC_WARN_ABOUT_RETURN_TYPE = YES_ERROR;
				GCC_WARN_UNDECLARED_SELECTOR = YES;
				GCC_WARN_UNINITIALIZED_AUTOS = YES_AGGRESSIVE;
				GCC_WARN_UNUSED_FUNCTION = YES;
				GCC_WARN_UNUSED_VARIABLE = YES;
				IPHONEOS_DEPLOYMENT_TARGET = 14.4;
				MTL_ENABLE_DEBUG_INFO = INCLUDE_SOURCE;
				MTL_FAST_MATH = YES;
				ONLY_ACTIVE_ARCH = YES;
				SDKROOT = iphoneos;
				SWIFT_ACTIVE_COMPILATION_CONDITIONS = DEBUG;
				SWIFT_OPTIMIZATION_LEVEL = "-Onone";
			};
			name = Debug;
		};
		A0DACD7525FEFDCF00C7348C /* Release */ = {
			isa = XCBuildConfiguration;
			buildSettings = {
				ALWAYS_SEARCH_USER_PATHS = NO;
				CLANG_ANALYZER_NONNULL = YES;
				CLANG_ANALYZER_NUMBER_OBJECT_CONVERSION = YES_AGGRESSIVE;
				CLANG_CXX_LANGUAGE_STANDARD = "gnu++14";
				CLANG_CXX_LIBRARY = "libc++";
				CLANG_ENABLE_MODULES = YES;
				CLANG_ENABLE_OBJC_ARC = YES;
				CLANG_ENABLE_OBJC_WEAK = YES;
				CLANG_WARN_BLOCK_CAPTURE_AUTORELEASING = YES;
				CLANG_WARN_BOOL_CONVERSION = YES;
				CLANG_WARN_COMMA = YES;
				CLANG_WARN_CONSTANT_CONVERSION = YES;
				CLANG_WARN_DEPRECATED_OBJC_IMPLEMENTATIONS = YES;
				CLANG_WARN_DIRECT_OBJC_ISA_USAGE = YES_ERROR;
				CLANG_WARN_DOCUMENTATION_COMMENTS = YES;
				CLANG_WARN_EMPTY_BODY = YES;
				CLANG_WARN_ENUM_CONVERSION = YES;
				CLANG_WARN_INFINITE_RECURSION = YES;
				CLANG_WARN_INT_CONVERSION = YES;
				CLANG_WARN_NON_LITERAL_NULL_CONVERSION = YES;
				CLANG_WARN_OBJC_IMPLICIT_RETAIN_SELF = YES;
				CLANG_WARN_OBJC_LITERAL_CONVERSION = YES;
				CLANG_WARN_OBJC_ROOT_CLASS = YES_ERROR;
				CLANG_WARN_QUOTED_INCLUDE_IN_FRAMEWORK_HEADER = YES;
				CLANG_WARN_RANGE_LOOP_ANALYSIS = YES;
				CLANG_WARN_STRICT_PROTOTYPES = YES;
				CLANG_WARN_SUSPICIOUS_MOVE = YES;
				CLANG_WARN_UNGUARDED_AVAILABILITY = YES_AGGRESSIVE;
				CLANG_WARN_UNREACHABLE_CODE = YES;
				CLANG_WARN__DUPLICATE_METHOD_MATCH = YES;
				COPY_PHASE_STRIP = NO;
				DEBUG_INFORMATION_FORMAT = "dwarf-with-dsym";
				ENABLE_NS_ASSERTIONS = NO;
				ENABLE_STRICT_OBJC_MSGSEND = YES;
				GCC_C_LANGUAGE_STANDARD = gnu11;
				GCC_NO_COMMON_BLOCKS = YES;
				GCC_WARN_64_TO_32_BIT_CONVERSION = YES;
				GCC_WARN_ABOUT_RETURN_TYPE = YES_ERROR;
				GCC_WARN_UNDECLARED_SELECTOR = YES;
				GCC_WARN_UNINITIALIZED_AUTOS = YES_AGGRESSIVE;
				GCC_WARN_UNUSED_FUNCTION = YES;
				GCC_WARN_UNUSED_VARIABLE = YES;
				IPHONEOS_DEPLOYMENT_TARGET = 14.4;
				MTL_ENABLE_DEBUG_INFO = NO;
				MTL_FAST_MATH = YES;
				SDKROOT = iphoneos;
				SWIFT_COMPILATION_MODE = wholemodule;
				SWIFT_OPTIMIZATION_LEVEL = "-O";
				VALIDATE_PRODUCT = YES;
			};
			name = Release;
		};
		A0DACD7725FEFDCF00C7348C /* Debug */ = {
			isa = XCBuildConfiguration;
			buildSettings = {
				ASSETCATALOG_COMPILER_APPICON_NAME = AppIcon;
				ASSETCATALOG_COMPILER_GLOBAL_ACCENT_COLOR_NAME = AccentColor;
				CODE_SIGN_STYLE = Automatic;
				DEVELOPMENT_TEAM = 9Y2VQ245QA;
				INFOPLIST_FILE = "UDO-AR/Info.plist";
				LD_RUNPATH_SEARCH_PATHS = (
					"$(inherited)",
					"@executable_path/Frameworks",
				);
				PRODUCT_BUNDLE_IDENTIFIER = "cn.edu.nju.nemoworks.UDO-AR";
				PRODUCT_NAME = "$(TARGET_NAME)";
				SWIFT_VERSION = 5.0;
				TARGETED_DEVICE_FAMILY = "1,2";
			};
			name = Debug;
		};
		A0DACD7825FEFDCF00C7348C /* Release */ = {
			isa = XCBuildConfiguration;
			buildSettings = {
				ASSETCATALOG_COMPILER_APPICON_NAME = AppIcon;
				ASSETCATALOG_COMPILER_GLOBAL_ACCENT_COLOR_NAME = AccentColor;
				CODE_SIGN_STYLE = Automatic;
				DEVELOPMENT_TEAM = 9Y2VQ245QA;
				INFOPLIST_FILE = "UDO-AR/Info.plist";
				LD_RUNPATH_SEARCH_PATHS = (
					"$(inherited)",
					"@executable_path/Frameworks",
				);
				PRODUCT_BUNDLE_IDENTIFIER = "cn.edu.nju.nemoworks.UDO-AR";
				PRODUCT_NAME = "$(TARGET_NAME)";
				SWIFT_VERSION = 5.0;
				TARGETED_DEVICE_FAMILY = "1,2";
			};
			name = Release;
		};
/* End XCBuildConfiguration section */

/* Begin XCConfigurationList section */
		A0DACD5D25FEFDCE00C7348C /* Build configuration list for PBXProject "UDO-AR" */ = {
			isa = XCConfigurationList;
			buildConfigurations = (
				A0DACD7425FEFDCF00C7348C /* Debug */,
				A0DACD7525FEFDCF00C7348C /* Release */,
			);
			defaultConfigurationIsVisible = 0;
			defaultConfigurationName = Release;
		};
		A0DACD7625FEFDCF00C7348C /* Build configuration list for PBXNativeTarget "UDO-AR" */ = {
			isa = XCConfigurationList;
			buildConfigurations = (
				A0DACD7725FEFDCF00C7348C /* Debug */,
				A0DACD7825FEFDCF00C7348C /* Release */,
			);
			defaultConfigurationIsVisible = 0;
			defaultConfigurationName = Release;
		};
/* End XCConfigurationList section */
	};
	rootObject = A0DACD5A25FEFDCE00C7348C /* Project object */;
}
